
Microsoft Visual Studio Solution File, Format Version 12.00
# Visual Studio Version 17
VisualStudioVersion = 17.2.32516.85
MinimumVisualStudioVersion = 10.0.40219.1
Project("{FAE04EC0-301F-11D3-BF4B-00C04F79EFBC}") = "pr74-scrum-app", "pr74-scrum-app.csproj", "{EDA1C93F-D6F1-4DFD-B086-AA4BA1BD7CAA}"
EndProject
Global
	GlobalSection(SolutionConfigurationPlatforms) = preSolution
		Debug|Any CPU = Debug|Any CPU
		Release|Any CPU = Release|Any CPU
	EndGlobalSection
	GlobalSection(ProjectConfigurationPlatforms) = postSolution
		{EDA1C93F-D6F1-4DFD-B086-AA4BA1BD7CAA}.Debug|Any CPU.ActiveCfg = Debug|Any CPU
		{EDA1C93F-D6F1-4DFD-B086-AA4BA1BD7CAA}.Debug|Any CPU.Build.0 = Debug|Any CPU
		{EDA1C93F-D6F1-4DFD-B086-AA4BA1BD7CAA}.Release|Any CPU.ActiveCfg = Release|Any CPU
		{EDA1C93F-D6F1-4DFD-B086-AA4BA1BD7CAA}.Release|Any CPU.Build.0 = Release|Any CPU
	EndGlobalSection
	GlobalSection(SolutionProperties) = preSolution
		HideSolutionNode = FALSE
	EndGlobalSection
	GlobalSection(ExtensibilityGlobals) = postSolution
		SolutionGuid = {CDCD73A9-73C0-41B8-AB2D-A8474DC07B8C}
	EndGlobalSection
EndGlobal
